
Microsoft Visual Studio Solution File, Format Version 12.00
# Visual Studio 14
VisualStudioVersion = 14.0.25123.0
MinimumVisualStudioVersion = 10.0.40219.1
Project("{FAE04EC0-301F-11D3-BF4B-00C04F79EFBC}") = "Portfolio", "Portfolio\Portfolio.csproj", "{F38B2E39-CFFE-4670-80A2-286239CB6EE7}"
EndProject
Global
	GlobalSection(SolutionConfigurationPlatforms) = preSolution
		Debug|Any CPU = Debug|Any CPU
		Release|Any CPU = Release|Any CPU
	EndGlobalSection
	GlobalSection(ProjectConfigurationPlatforms) = postSolution
		{F38B2E39-CFFE-4670-80A2-286239CB6EE7}.Debug|Any CPU.ActiveCfg = Debug|Any CPU
		{F38B2E39-CFFE-4670-80A2-286239CB6EE7}.Debug|Any CPU.Build.0 = Debug|Any CPU
		{F38B2E39-CFFE-4670-80A2-286239CB6EE7}.Release|Any CPU.ActiveCfg = Release|Any CPU
		{F38B2E39-CFFE-4670-80A2-286239CB6EE7}.Release|Any CPU.Build.0 = Release|Any CPU
	EndGlobalSection
	GlobalSection(SolutionProperties) = preSolution
		HideSolutionNode = FALSE
	EndGlobalSection
EndGlobal
